
Microsoft Visual Studio Solution File, Format Version 12.00
# Visual Studio Version 17
VisualStudioVersion = 17.1.32210.238
MinimumVisualStudioVersion = 10.0.40219.1
Project("{9A19103F-16F7-4668-BE54-9A1E7A4F7556}") = "CarrotQuant.Net", "CarrotQuant.Net\CarrotQuant.Net.csproj", "{22C20D11-5483-432A-9C8A-89D6C1EF8F10}"
EndProject
Project("{9A19103F-16F7-4668-BE54-9A1E7A4F7556}") = "CarrotBacktesting.Net", "CarrotBacktesting.Net\CarrotBacktesting.Net.csproj", "{D5878DEC-E63B-4382-BABA-02374B896891}"
EndProject
Project("{9A19103F-16F7-4668-BE54-9A1E7A4F7556}") = "CarrotBackTesting.Net.UnitTest", "CarrotBackTesting.Net.UnitTest\CarrotBackTesting.Net.UnitTest.csproj", "{F30174DA-64CB-4836-BC37-46AD944300B2}"
EndProject
Project("{FAE04EC0-301F-11D3-BF4B-00C04F79EFBC}") = "CarrotBacktesting.Net.Benchmark", "CarrotBacktesting.Net.Benchmark\CarrotBacktesting.Net.Benchmark.csproj", "{AB938D33-C542-4400-926B-795AE63AB9DA}"
EndProject
Global
	GlobalSection(SolutionConfigurationPlatforms) = preSolution
		Debug|Any CPU = Debug|Any CPU
		Release|Any CPU = Release|Any CPU
	EndGlobalSection
	GlobalSection(ProjectConfigurationPlatforms) = postSolution
		{22C20D11-5483-432A-9C8A-89D6C1EF8F10}.Debug|Any CPU.ActiveCfg = Debug|Any CPU
		{22C20D11-5483-432A-9C8A-89D6C1EF8F10}.Debug|Any CPU.Build.0 = Debug|Any CPU
		{22C20D11-5483-432A-9C8A-89D6C1EF8F10}.Release|Any CPU.ActiveCfg = Release|Any CPU
		{22C20D11-5483-432A-9C8A-89D6C1EF8F10}.Release|Any CPU.Build.0 = Release|Any CPU
		{D5878DEC-E63B-4382-BABA-02374B896891}.Debug|Any CPU.ActiveCfg = Debug|Any CPU
		{D5878DEC-E63B-4382-BABA-02374B896891}.Debug|Any CPU.Build.0 = Debug|Any CPU
		{D5878DEC-E63B-4382-BABA-02374B896891}.Release|Any CPU.ActiveCfg = Release|Any CPU
		{D5878DEC-E63B-4382-BABA-02374B896891}.Release|Any CPU.Build.0 = Release|Any CPU
		{F30174DA-64CB-4836-BC37-46AD944300B2}.Debug|Any CPU.ActiveCfg = Debug|Any CPU
		{F30174DA-64CB-4836-BC37-46AD944300B2}.Debug|Any CPU.Build.0 = Debug|Any CPU
		{F30174DA-64CB-4836-BC37-46AD944300B2}.Release|Any CPU.ActiveCfg = Release|Any CPU
		{F30174DA-64CB-4836-BC37-46AD944300B2}.Release|Any CPU.Build.0 = Release|Any CPU
		{AB938D33-C542-4400-926B-795AE63AB9DA}.Debug|Any CPU.ActiveCfg = Debug|Any CPU
		{AB938D33-C542-4400-926B-795AE63AB9DA}.Debug|Any CPU.Build.0 = Debug|Any CPU
		{AB938D33-C542-4400-926B-795AE63AB9DA}.Release|Any CPU.ActiveCfg = Release|Any CPU
		{AB938D33-C542-4400-926B-795AE63AB9DA}.Release|Any CPU.Build.0 = Release|Any CPU
	EndGlobalSection
	GlobalSection(SolutionProperties) = preSolution
		HideSolutionNode = FALSE
	EndGlobalSection
	GlobalSection(ExtensibilityGlobals) = postSolution
		SolutionGuid = {2E3E3575-FA62-4828-9BB3-8D35EBCCD707}
	EndGlobalSection
EndGlobal
